
Microsoft Visual Studio Solution File, Format Version 12.00
Project("{FAE04EC0-301F-11D3-BF4B-00C04F79EFBC}") = "NetNinja.Serializers", "NetNinja.Serializers\NetNinja.Serializers.csproj", "{59DE6B7D-E8D2-4F24-A69D-C734DBC61837}"
EndProject
Project("{FAE04EC0-301F-11D3-BF4B-00C04F79EFBC}") = "NetNinja.Serializers.Tests", "..\NetNinja.Serializers.Tests\NetNinja.Serializers.Tests.csproj", "{1FE040F0-E571-4918-8851-3564C853D215}"
EndProject
Global
	GlobalSection(SolutionConfigurationPlatforms) = preSolution
		Debug|Any CPU = Debug|Any CPU
		Release|Any CPU = Release|Any CPU
	EndGlobalSection
	GlobalSection(ProjectConfigurationPlatforms) = postSolution
		{59DE6B7D-E8D2-4F24-A69D-C734DBC61837}.Debug|Any CPU.ActiveCfg = Debug|Any CPU
		{59DE6B7D-E8D2-4F24-A69D-C734DBC61837}.Debug|Any CPU.Build.0 = Debug|Any CPU
		{59DE6B7D-E8D2-4F24-A69D-C734DBC61837}.Release|Any CPU.ActiveCfg = Release|Any CPU
		{59DE6B7D-E8D2-4F24-A69D-C734DBC61837}.Release|Any CPU.Build.0 = Release|Any CPU
		{1FE040F0-E571-4918-8851-3564C853D215}.Debug|Any CPU.ActiveCfg = Debug|Any CPU
		{1FE040F0-E571-4918-8851-3564C853D215}.Debug|Any CPU.Build.0 = Debug|Any CPU
		{1FE040F0-E571-4918-8851-3564C853D215}.Release|Any CPU.ActiveCfg = Release|Any CPU
		{1FE040F0-E571-4918-8851-3564C853D215}.Release|Any CPU.Build.0 = Release|Any CPU
	EndGlobalSection
EndGlobal
